
Microsoft Visual Studio Solution File, Format Version 12.00
# Visual Studio Version 17
VisualStudioVersion = 17.0.31903.59
MinimumVisualStudioVersion = 10.0.40219.1
Project("{2150E333-8FDC-42A3-9474-1A3956D46DE8}") = "Queue", "Queue", "{5F3D719F-3CF1-CEC8-8D1A-FAC986D80D45}"
EndProject
Project("{FAE04EC0-301F-11D3-BF4B-00C04F79EFBC}") = "Queue", "Queue\Queue\Queue.csproj", "{1D0B1CF4-6E16-4BA7-83C6-D8716B175597}"
EndProject
Global
	GlobalSection(SolutionConfigurationPlatforms) = preSolution
		Debug|Any CPU = Debug|Any CPU
		Debug|x64 = Debug|x64
		Debug|x86 = Debug|x86
		Release|Any CPU = Release|Any CPU
		Release|x64 = Release|x64
		Release|x86 = Release|x86
	EndGlobalSection
	GlobalSection(ProjectConfigurationPlatforms) = postSolution
		{1D0B1CF4-6E16-4BA7-83C6-D8716B175597}.Debug|Any CPU.ActiveCfg = Debug|Any CPU
		{1D0B1CF4-6E16-4BA7-83C6-D8716B175597}.Debug|Any CPU.Build.0 = Debug|Any CPU
		{1D0B1CF4-6E16-4BA7-83C6-D8716B175597}.Debug|x64.ActiveCfg = Debug|Any CPU
		{1D0B1CF4-6E16-4BA7-83C6-D8716B175597}.Debug|x64.Build.0 = Debug|Any CPU
		{1D0B1CF4-6E16-4BA7-83C6-D8716B175597}.Debug|x86.ActiveCfg = Debug|Any CPU
		{1D0B1CF4-6E16-4BA7-83C6-D8716B175597}.Debug|x86.Build.0 = Debug|Any CPU
		{1D0B1CF4-6E16-4BA7-83C6-D8716B175597}.Release|Any CPU.ActiveCfg = Release|Any CPU
		{1D0B1CF4-6E16-4BA7-83C6-D8716B175597}.Release|Any CPU.Build.0 = Release|Any CPU
		{1D0B1CF4-6E16-4BA7-83C6-D8716B175597}.Release|x64.ActiveCfg = Release|Any CPU
		{1D0B1CF4-6E16-4BA7-83C6-D8716B175597}.Release|x64.Build.0 = Release|Any CPU
		{1D0B1CF4-6E16-4BA7-83C6-D8716B175597}.Release|x86.ActiveCfg = Release|Any CPU
		{1D0B1CF4-6E16-4BA7-83C6-D8716B175597}.Release|x86.Build.0 = Release|Any CPU
	EndGlobalSection
	GlobalSection(SolutionProperties) = preSolution
		HideSolutionNode = FALSE
	EndGlobalSection
	GlobalSection(NestedProjects) = preSolution
		{1D0B1CF4-6E16-4BA7-83C6-D8716B175597} = {5F3D719F-3CF1-CEC8-8D1A-FAC986D80D45}
	EndGlobalSection
EndGlobal
